// !$*UTF8*$!
{
	archiveVersion = 1;
	classes = {
	};
	objectVersion = 77;
	objects = {

/* Begin PBXContainerItemProxy section */
		1A4854122CDAD46E00B202C9 /* PBXContainerItemProxy */ = {
			isa = PBXContainerItemProxy;
			containerPortal = 1A4853F92CDAD46C00B202C9 /* Project object */;
			proxyType = 1;
			remoteGlobalIDString = 1A4854002CDAD46C00B202C9;
			remoteInfo = CapstoneApp;
		};
		1A48541C2CDAD46E00B202C9 /* PBXContainerItemProxy */ = {
			isa = PBXContainerItemProxy;
			containerPortal = 1A4853F92CDAD46C00B202C9 /* Project object */;
			proxyType = 1;
			remoteGlobalIDString = 1A4854002CDAD46C00B202C9;
			remoteInfo = CapstoneApp;
		};
/* End PBXContainerItemProxy section */

/* Begin PBXFileReference section */
		1A4854012CDAD46C00B202C9 /* CapstoneApp.app */ = {isa = PBXFileReference; explicitFileType = wrapper.application; includeInIndex = 0; path = CapstoneApp.app; sourceTree = BUILT_PRODUCTS_DIR; };
		1A4854112CDAD46E00B202C9 /* CapstoneAppTests.xctest */ = {isa = PBXFileReference; explicitFileType = wrapper.cfbundle; includeInIndex = 0; path = CapstoneAppTests.xctest; sourceTree = BUILT_PRODUCTS_DIR; };
		1A48541B2CDAD46E00B202C9 /* CapstoneAppUITests.xctest */ = {isa = PBXFileReference; explicitFileType = wrapper.cfbundle; includeInIndex = 0; path = CapstoneAppUITests.xctest; sourceTree = BUILT_PRODUCTS_DIR; };
/* End PBXFileReference section */

/* Begin PBXFileSystemSynchronizedRootGroup section */
		1A4854032CDAD46C00B202C9 /* CapstoneApp */ = {
			isa = PBXFileSystemSynchronizedRootGroup;
			path = CapstoneApp;
			sourceTree = "<group>";
		};
		1A4854142CDAD46E00B202C9 /* CapstoneAppTests */ = {
			isa = PBXFileSystemSynchronizedRootGroup;
			path = CapstoneAppTests;
			sourceTree = "<group>";
		};
		1A48541E2CDAD46E00B202C9 /* CapstoneAppUITests */ = {
			isa = PBXFileSystemSynchronizedRootGroup;
			path = CapstoneAppUITests;
			sourceTree = "<group>";
		};
/* End PBXFileSystemSynchronizedRootGroup section */

/* Begin PBXFrameworksBuildPhase section */
		1A4853FE2CDAD46C00B202C9 /* Frameworks */ = {
			isa = PBXFrameworksBuildPhase;
			buildActionMask = 2147483647;
			files = (
			);
			runOnlyForDeploymentPostprocessing = 0;
		};
		1A48540E2CDAD46E00B202C9 /* Frameworks */ = {
			isa = PBXFrameworksBuildPhase;
			buildActionMask = 2147483647;
			files = (
			);
			runOnlyForDeploymentPostprocessing = 0;
		};
		1A4854182CDAD46E00B202C9 /* Frameworks */ = {
			isa = PBXFrameworksBuildPhase;
			buildActionMask = 2147483647;
			files = (
			);
			runOnlyForDeploymentPostprocessing = 0;
		};
/* End PBXFrameworksBuildPhase section */

/* Begin PBXGroup section */
		1A4853F82CDAD46C00B202C9 = {
			isa = PBXGroup;
			children = (
				1A4854032CDAD46C00B202C9 /* CapstoneApp */,
				1A4854142CDAD46E00B202C9 /* CapstoneAppTests */,
				1A48541E2CDAD46E00B202C9 /* CapstoneAppUITests */,
				1A4854022CDAD46C00B202C9 /* Products */,
			);
			sourceTree = "<group>";
		};
		1A4854022CDAD46C00B202C9 /* Products */ = {
			isa = PBXGroup;
			children = (
				1A4854012CDAD46C00B202C9 /* CapstoneApp.app */,
				1A4854112CDAD46E00B202C9 /* CapstoneAppTests.xctest */,
				1A48541B2CDAD46E00B202C9 /* CapstoneAppUITests.xctest */,
			);
			name = Products;
			sourceTree = "<group>";
		};
/* End PBXGroup section */

/* Begin PBXNativeTarget section */
		1A4854002CDAD46C00B202C9 /* CapstoneApp */ = {
			isa = PBXNativeTarget;
			buildConfigurationList = 1A4854252CDAD46E00B202C9 /* Build configuration list for PBXNativeTarget "CapstoneApp" */;
			buildPhases = (
				1A4853FD2CDAD46C00B202C9 /* Sources */,
				1A4853FE2CDAD46C00B202C9 /* Frameworks */,
				1A4853FF2CDAD46C00B202C9 /* Resources */,
			);
			buildRules = (
			);
			dependencies = (
			);
			fileSystemSynchronizedGroups = (
				1A4854032CDAD46C00B202C9 /* CapstoneApp */,
			);
			name = CapstoneApp;
			packageProductDependencies = (
			);
			productName = CapstoneApp;
			productReference = 1A4854012CDAD46C00B202C9 /* CapstoneApp.app */;
			productType = "com.apple.product-type.application";
		};
		1A4854102CDAD46E00B202C9 /* CapstoneAppTests */ = {
			isa = PBXNativeTarget;
			buildConfigurationList = 1A4854282CDAD46E00B202C9 /* Build configuration list for PBXNativeTarget "CapstoneAppTests" */;
			buildPhases = (
				1A48540D2CDAD46E00B202C9 /* Sources */,
				1A48540E2CDAD46E00B202C9 /* Frameworks */,
				1A48540F2CDAD46E00B202C9 /* Resources */,
			);
			buildRules = (
			);
			dependencies = (
				1A4854132CDAD46E00B202C9 /* PBXTargetDependency */,
			);
			fileSystemSynchronizedGroups = (
				1A4854142CDAD46E00B202C9 /* CapstoneAppTests */,
			);
			name = CapstoneAppTests;
			packageProductDependencies = (
			);
			productName = CapstoneAppTests;
			productReference = 1A4854112CDAD46E00B202C9 /* CapstoneAppTests.xctest */;
			productType = "com.apple.product-type.bundle.unit-test";
		};
		1A48541A2CDAD46E00B202C9 /* CapstoneAppUITests */ = {
			isa = PBXNativeTarget;
			buildConfigurationList = 1A48542B2CDAD46E00B202C9 /* Build configuration list for PBXNativeTarget "CapstoneAppUITests" */;
			buildPhases = (
				1A4854172CDAD46E00B202C9 /* Sources */,
				1A4854182CDAD46E00B202C9 /* Frameworks */,
				1A4854192CDAD46E00B202C9 /* Resources */,
			);
			buildRules = (
			);
			dependencies = (
				1A48541D2CDAD46E00B202C9 /* PBXTargetDependency */,
			);
			fileSystemSynchronizedGroups = (
				1A48541E2CDAD46E00B202C9 /* CapstoneAppUITests */,
			);
			name = CapstoneAppUITests;
			packageProductDependencies = (
			);
			productName = CapstoneAppUITests;
			productReference = 1A48541B2CDAD46E00B202C9 /* CapstoneAppUITests.xctest */;
			productType = "com.apple.product-type.bundle.ui-testing";
		};
/* End PBXNativeTarget section */

/* Begin PBXProject section */
		1A4853F92CDAD46C00B202C9 /* Project object */ = {
			isa = PBXProject;
			attributes = {
				BuildIndependentTargetsInParallel = 1;
				LastSwiftUpdateCheck = 1610;
				LastUpgradeCheck = 1610;
				TargetAttributes = {
					1A4854002CDAD46C00B202C9 = {
						CreatedOnToolsVersion = 16.1;
					};
					1A4854102CDAD46E00B202C9 = {
						CreatedOnToolsVersion = 16.1;
						TestTargetID = 1A4854002CDAD46C00B202C9;
					};
					1A48541A2CDAD46E00B202C9 = {
						CreatedOnToolsVersion = 16.1;
						TestTargetID = 1A4854002CDAD46C00B202C9;
					};
				};
			};
			buildConfigurationList = 1A4853FC2CDAD46C00B202C9 /* Build configuration list for PBXProject "CapstoneApp" */;
			developmentRegion = en;
			hasScannedForEncodings = 0;
			knownRegions = (
				en,
				Base,
			);
			mainGroup = 1A4853F82CDAD46C00B202C9;
			minimizedProjectReferenceProxies = 1;
			preferredProjectObjectVersion = 77;
			productRefGroup = 1A4854022CDAD46C00B202C9 /* Products */;
			projectDirPath = "";
			projectRoot = "";
			targets = (
				1A4854002CDAD46C00B202C9 /* CapstoneApp */,
				1A4854102CDAD46E00B202C9 /* CapstoneAppTests */,
				1A48541A2CDAD46E00B202C9 /* CapstoneAppUITests */,
			);
		};
/* End PBXProject section */

/* Begin PBXResourcesBuildPhase section */
		1A4853FF2CDAD46C00B202C9 /* Resources */ = {
			isa = PBXResourcesBuildPhase;
			buildActionMask = 2147483647;
			files = (
			);
			runOnlyForDeploymentPostprocessing = 0;
		};
		1A48540F2CDAD46E00B202C9 /* Resources */ = {
			isa = PBXResourcesBuildPhase;
			buildActionMask = 2147483647;
			files = (
			);
			runOnlyForDeploymentPostprocessing = 0;
		};
		1A4854192CDAD46E00B202C9 /* Resources */ = {
			isa = PBXResourcesBuildPhase;
			buildActionMask = 2147483647;
			files = (
			);
			runOnlyForDeploymentPostprocessing = 0;
		};
/* End PBXResourcesBuildPhase section */

/* Begin PBXSourcesBuildPhase section */
		1A4853FD2CDAD46C00B202C9 /* Sources */ = {
			isa = PBXSourcesBuildPhase;
			buildActionMask = 2147483647;
			files = (
			);
			runOnlyForDeploymentPostprocessing = 0;
		};
		1A48540D2CDAD46E00B202C9 /* Sources */ = {
			isa = PBXSourcesBuildPhase;
			buildActionMask = 2147483647;
			files = (
			);
			runOnlyForDeploymentPostprocessing = 0;
		};
		1A4854172CDAD46E00B202C9 /* Sources */ = {
			isa = PBXSourcesBuildPhase;
			buildActionMask = 2147483647;
			files = (
			);
			runOnlyForDeploymentPostprocessing = 0;
		};
/* End PBXSourcesBuildPhase section */

/* Begin PBXTargetDependency section */
		1A4854132CDAD46E00B202C9 /* PBXTargetDependency */ = {
			isa = PBXTargetDependency;
			target = 1A4854002CDAD46C00B202C9 /* CapstoneApp */;
			targetProxy = 1A4854122CDAD46E00B202C9 /* PBXContainerItemProxy */;
		};
		1A48541D2CDAD46E00B202C9 /* PBXTargetDependency */ = {
			isa = PBXTargetDependency;
			target = 1A4854002CDAD46C00B202C9 /* CapstoneApp */;
			targetProxy = 1A48541C2CDAD46E00B202C9 /* PBXContainerItemProxy */;
		};
/* End PBXTargetDependency section */

/* Begin XCBuildConfiguration section */
		1A4854232CDAD46E00B202C9 /* Debug */ = {
			isa = XCBuildConfiguration;
			buildSettings = {
				ALWAYS_SEARCH_USER_PATHS = NO;
				ASSETCATALOG_COMPILER_GENERATE_SWIFT_ASSET_SYMBOL_EXTENSIONS = YES;
				CLANG_ANALYZER_NONNULL = YES;
				CLANG_ANALYZER_NUMBER_OBJECT_CONVERSION = YES_AGGRESSIVE;
				CLANG_CXX_LANGUAGE_STANDARD = "gnu++20";
				CLANG_ENABLE_MODULES = YES;
				CLANG_ENABLE_OBJC_ARC = YES;
				CLANG_ENABLE_OBJC_WEAK = YES;
				CLANG_WARN_BLOCK_CAPTURE_AUTORELEASING = YES;
				CLANG_WARN_BOOL_CONVERSION = YES;
				CLANG_WARN_COMMA = YES;
				CLANG_WARN_CONSTANT_CONVERSION = YES;
				CLANG_WARN_DEPRECATED_OBJC_IMPLEMENTATIONS = YES;
				CLANG_WARN_DIRECT_OBJC_ISA_USAGE = YES_ERROR;
				CLANG_WARN_DOCUMENTATION_COMMENTS = YES;
				CLANG_WARN_EMPTY_BODY = YES;
				CLANG_WARN_ENUM_CONVERSION = YES;
				CLANG_WARN_INFINITE_RECURSION = YES;
				CLANG_WARN_INT_CONVERSION = YES;
				CLANG_WARN_NON_LITERAL_NULL_CONVERSION = YES;
				CLANG_WARN_OBJC_IMPLICIT_RETAIN_SELF = YES;
				CLANG_WARN_OBJC_LITERAL_CONVERSION = YES;
				CLANG_WARN_OBJC_ROOT_CLASS = YES_ERROR;
				CLANG_WARN_QUOTED_INCLUDE_IN_FRAMEWORK_HEADER = YES;
				CLANG_WARN_RANGE_LOOP_ANALYSIS = YES;
				CLANG_WARN_STRICT_PROTOTYPES = YES;
				CLANG_WARN_SUSPICIOUS_MOVE = YES;
				CLANG_WARN_UNGUARDED_AVAILABILITY = YES_AGGRESSIVE;
				CLANG_WARN_UNREACHABLE_CODE = YES;
				CLANG_WARN__DUPLICATE_METHOD_MATCH = YES;
				COPY_PHASE_STRIP = NO;
				DEBUG_INFORMATION_FORMAT = dwarf;
				ENABLE_STRICT_OBJC_MSGSEND = YES;
				ENABLE_TESTABILITY = YES;
				ENABLE_USER_SCRIPT_SANDBOXING = YES;
				GCC_C_LANGUAGE_STANDARD = gnu17;
				GCC_DYNAMIC_NO_PIC = NO;
				GCC_NO_COMMON_BLOCKS = YES;
				GCC_OPTIMIZATION_LEVEL = 0;
				GCC_PREPROCESSOR_DEFINITIONS = (
					"DEBUG=1",
					"$(inherited)",
				);
				GCC_WARN_64_TO_32_BIT_CONVERSION = YES;
				GCC_WARN_ABOUT_RETURN_TYPE = YES_ERROR;
				GCC_WARN_UNDECLARED_SELECTOR = YES;
				GCC_WARN_UNINITIALIZED_AUTOS = YES_AGGRESSIVE;
				GCC_WARN_UNUSED_FUNCTION = YES;
				GCC_WARN_UNUSED_VARIABLE = YES;
				IPHONEOS_DEPLOYMENT_TARGET = 18.1;
				LOCALIZATION_PREFERS_STRING_CATALOGS = YES;
				MTL_ENABLE_DEBUG_INFO = INCLUDE_SOURCE;
				MTL_FAST_MATH = YES;
				ONLY_ACTIVE_ARCH = YES;
				SDKROOT = iphoneos;
				SWIFT_ACTIVE_COMPILATION_CONDITIONS = "DEBUG $(inherited)";
				SWIFT_OPTIMIZATION_LEVEL = "-Onone";
			};
			name = Debug;
		};
		1A4854242CDAD46E00B202C9 /* Release */ = {
			isa = XCBuildConfiguration;
			buildSettings = {
				ALWAYS_SEARCH_USER_PATHS = NO;
				ASSETCATALOG_COMPILER_GENERATE_SWIFT_ASSET_SYMBOL_EXTENSIONS = YES;
				CLANG_ANALYZER_NONNULL = YES;
				CLANG_ANALYZER_NUMBER_OBJECT_CONVERSION = YES_AGGRESSIVE;
				CLANG_CXX_LANGUAGE_STANDARD = "gnu++20";
				CLANG_ENABLE_MODULES = YES;
				CLANG_ENABLE_OBJC_ARC = YES;
				CLANG_ENABLE_OBJC_WEAK = YES;
				CLANG_WARN_BLOCK_CAPTURE_AUTORELEASING = YES;
				CLANG_WARN_BOOL_CONVERSION = YES;
				CLANG_WARN_COMMA = YES;
				CLANG_WARN_CONSTANT_CONVERSION = YES;
				CLANG_WARN_DEPRECATED_OBJC_IMPLEMENTATIONS = YES;
				CLANG_WARN_DIRECT_OBJC_ISA_USAGE = YES_ERROR;
				CLANG_WARN_DOCUMENTATION_COMMENTS = YES;
				CLANG_WARN_EMPTY_BODY = YES;
				CLANG_WARN_ENUM_CONVERSION = YES;
				CLANG_WARN_INFINITE_RECURSION = YES;
				CLANG_WARN_INT_CONVERSION = YES;
				CLANG_WARN_NON_LITERAL_NULL_CONVERSION = YES;
				CLANG_WARN_OBJC_IMPLICIT_RETAIN_SELF = YES;
				CLANG_WARN_OBJC_LITERAL_CONVERSION = YES;
				CLANG_WARN_OBJC_ROOT_CLASS = YES_ERROR;
				CLANG_WARN_QUOTED_INCLUDE_IN_FRAMEWORK_HEADER = YES;
				CLANG_WARN_RANGE_LOOP_ANALYSIS = YES;
				CLANG_WARN_STRICT_PROTOTYPES = YES;
				CLANG_WARN_SUSPICIOUS_MOVE = YES;
				CLANG_WARN_UNGUARDED_AVAILABILITY = YES_AGGRESSIVE;
				CLANG_WARN_UNREACHABLE_CODE = YES;
				CLANG_WARN__DUPLICATE_METHOD_MATCH = YES;
				COPY_PHASE_STRIP = NO;
				DEBUG_INFORMATION_FORMAT = "dwarf-with-dsym";
				ENABLE_NS_ASSERTIONS = NO;
				ENABLE_STRICT_OBJC_MSGSEND = YES;
				ENABLE_USER_SCRIPT_SANDBOXING = YES;
				GCC_C_LANGUAGE_STANDARD = gnu17;
				GCC_NO_COMMON_BLOCKS = YES;
				GCC_WARN_64_TO_32_BIT_CONVERSION = YES;
				GCC_WARN_ABOUT_RETURN_TYPE = YES_ERROR;
				GCC_WARN_UNDECLARED_SELECTOR = YES;
				GCC_WARN_UNINITIALIZED_AUTOS = YES_AGGRESSIVE;
				GCC_WARN_UNUSED_FUNCTION = YES;
				GCC_WARN_UNUSED_VARIABLE = YES;
				IPHONEOS_DEPLOYMENT_TARGET = 18.1;
				LOCALIZATION_PREFERS_STRING_CATALOGS = YES;
				MTL_ENABLE_DEBUG_INFO = NO;
				MTL_FAST_MATH = YES;
				SDKROOT = iphoneos;
				SWIFT_COMPILATION_MODE = wholemodule;
				VALIDATE_PRODUCT = YES;
			};
			name = Release;
		};
		1A4854262CDAD46E00B202C9 /* Debug */ = {
			isa = XCBuildConfiguration;
			buildSettings = {
				ASSETCATALOG_COMPILER_APPICON_NAME = AppIcon;
				ASSETCATALOG_COMPILER_GLOBAL_ACCENT_COLOR_NAME = AccentColor;
				CODE_SIGN_STYLE = Automatic;
				CURRENT_PROJECT_VERSION = 1;
				DEVELOPMENT_ASSET_PATHS = "\"CapstoneApp/Preview Content\"";
				ENABLE_PREVIEWS = YES;
				GENERATE_INFOPLIST_FILE = YES;
				INFOPLIST_KEY_UIApplicationSceneManifest_Generation = YES;
				INFOPLIST_KEY_UIApplicationSupportsIndirectInputEvents = YES;
				INFOPLIST_KEY_UILaunchScreen_Generation = YES;
				INFOPLIST_KEY_UISupportedInterfaceOrientations_iPad = "UIInterfaceOrientationPortrait UIInterfaceOrientationPortraitUpsideDown UIInterfaceOrientationLandscapeLeft UIInterfaceOrientationLandscapeRight";
				INFOPLIST_KEY_UISupportedInterfaceOrientations_iPhone = "UIInterfaceOrientationPortrait UIInterfaceOrientationLandscapeLeft UIInterfaceOrientationLandscapeRight";
				LD_RUNPATH_SEARCH_PATHS = (
					"$(inherited)",
					"@executable_path/Frameworks",
				);
				MARKETING_VERSION = 1.0;
				PRODUCT_BUNDLE_IDENTIFIER = Test.CapstoneApp;
				PRODUCT_NAME = "$(TARGET_NAME)";
				SWIFT_EMIT_LOC_STRINGS = YES;
				SWIFT_VERSION = 5.0;
				TARGETED_DEVICE_FAMILY = "1,2";
			};
			name = Debug;
		};
		1A4854272CDAD46E00B202C9 /* Release */ = {
			isa = XCBuildConfiguration;
			buildSettings = {
				ASSETCATALOG_COMPILER_APPICON_NAME = AppIcon;
				ASSETCATALOG_COMPILER_GLOBAL_ACCENT_COLOR_NAME = AccentColor;
				CODE_SIGN_STYLE = Automatic;
				CURRENT_PROJECT_VERSION = 1;
				DEVELOPMENT_ASSET_PATHS = "\"CapstoneApp/Preview Content\"";
				ENABLE_PREVIEWS = YES;
				GENERATE_INFOPLIST_FILE = YES;
				INFOPLIST_KEY_UIApplicationSceneManifest_Generation = YES;
				INFOPLIST_KEY_UIApplicationSupportsIndirectInputEvents = YES;
				INFOPLIST_KEY_UILaunchScreen_Generation = YES;
				INFOPLIST_KEY_UISupportedInterfaceOrientations_iPad = "UIInterfaceOrientationPortrait UIInterfaceOrientationPortraitUpsideDown UIInterfaceOrientationLandscapeLeft UIInterfaceOrientationLandscapeRight";
				INFOPLIST_KEY_UISupportedInterfaceOrientations_iPhone = "UIInterfaceOrientationPortrait UIInterfaceOrientationLandscapeLeft UIInterfaceOrientationLandscapeRight";
				LD_RUNPATH_SEARCH_PATHS = (
					"$(inherited)",
					"@executable_path/Frameworks",
				);
				MARKETING_VERSION = 1.0;
				PRODUCT_BUNDLE_IDENTIFIER = Test.CapstoneApp;
				PRODUCT_NAME = "$(TARGET_NAME)";
				SWIFT_EMIT_LOC_STRINGS = YES;
				SWIFT_VERSION = 5.0;
				TARGETED_DEVICE_FAMILY = "1,2";
			};
			name = Release;
		};
		1A4854292CDAD46E00B202C9 /* Debug */ = {
			isa = XCBuildConfiguration;
			buildSettings = {
				BUNDLE_LOADER = "$(TEST_HOST)";
				CODE_SIGN_STYLE = Automatic;
				CURRENT_PROJECT_VERSION = 1;
				GENERATE_INFOPLIST_FILE = YES;
				IPHONEOS_DEPLOYMENT_TARGET = 18.1;
				MARKETING_VERSION = 1.0;
				PRODUCT_BUNDLE_IDENTIFIER = Test.CapstoneAppTests;
				PRODUCT_NAME = "$(TARGET_NAME)";
				SWIFT_EMIT_LOC_STRINGS = NO;
				SWIFT_VERSION = 5.0;
				TARGETED_DEVICE_FAMILY = "1,2";
				TEST_HOST = "$(BUILT_PRODUCTS_DIR)/CapstoneApp.app/$(BUNDLE_EXECUTABLE_FOLDER_PATH)/CapstoneApp";
			};
			name = Debug;
		};
		1A48542A2CDAD46E00B202C9 /* Release */ = {
			isa = XCBuildConfiguration;
			buildSettings = {
				BUNDLE_LOADER = "$(TEST_HOST)";
				CODE_SIGN_STYLE = Automatic;
				CURRENT_PROJECT_VERSION = 1;
				GENERATE_INFOPLIST_FILE = YES;
				IPHONEOS_DEPLOYMENT_TARGET = 18.1;
				MARKETING_VERSION = 1.0;
				PRODUCT_BUNDLE_IDENTIFIER = Test.CapstoneAppTests;
				PRODUCT_NAME = "$(TARGET_NAME)";
				SWIFT_EMIT_LOC_STRINGS = NO;
				SWIFT_VERSION = 5.0;
				TARGETED_DEVICE_FAMILY = "1,2";
				TEST_HOST = "$(BUILT_PRODUCTS_DIR)/CapstoneApp.app/$(BUNDLE_EXECUTABLE_FOLDER_PATH)/CapstoneApp";
			};
			name = Release;
		};
		1A48542C2CDAD46E00B202C9 /* Debug */ = {
			isa = XCBuildConfiguration;
			buildSettings = {
				CODE_SIGN_STYLE = Automatic;
				CURRENT_PROJECT_VERSION = 1;
				GENERATE_INFOPLIST_FILE = YES;
				MARKETING_VERSION = 1.0;
				PRODUCT_BUNDLE_IDENTIFIER = Test.CapstoneAppUITests;
				PRODUCT_NAME = "$(TARGET_NAME)";
				SWIFT_EMIT_LOC_STRINGS = NO;
				SWIFT_VERSION = 5.0;
				TARGETED_DEVICE_FAMILY = "1,2";
				TEST_TARGET_NAME = CapstoneApp;
			};
			name = Debug;
		};
		1A48542D2CDAD46E00B202C9 /* Release */ = {
			isa = XCBuildConfiguration;
			buildSettings = {
				CODE_SIGN_STYLE = Automatic;
				CURRENT_PROJECT_VERSION = 1;
				GENERATE_INFOPLIST_FILE = YES;
				MARKETING_VERSION = 1.0;
				PRODUCT_BUNDLE_IDENTIFIER = Test.CapstoneAppUITests;
				PRODUCT_NAME = "$(TARGET_NAME)";
				SWIFT_EMIT_LOC_STRINGS = NO;
				SWIFT_VERSION = 5.0;
				TARGETED_DEVICE_FAMILY = "1,2";
				TEST_TARGET_NAME = CapstoneApp;
			};
			name = Release;
		};
/* End XCBuildConfiguration section */

/* Begin XCConfigurationList section */
		1A4853FC2CDAD46C00B202C9 /* Build configuration list for PBXProject "CapstoneApp" */ = {
			isa = XCConfigurationList;
			buildConfigurations = (
				1A4854232CDAD46E00B202C9 /* Debug */,
				1A4854242CDAD46E00B202C9 /* Release */,
			);
			defaultConfigurationIsVisible = 0;
			defaultConfigurationName = Release;
		};
		1A4854252CDAD46E00B202C9 /* Build configuration list for PBXNativeTarget "CapstoneApp" */ = {
			isa = XCConfigurationList;
			buildConfigurations = (
				1A4854262CDAD46E00B202C9 /* Debug */,
				1A4854272CDAD46E00B202C9 /* Release */,
			);
			defaultConfigurationIsVisible = 0;
			defaultConfigurationName = Release;
		};
		1A4854282CDAD46E00B202C9 /* Build configuration list for PBXNativeTarget "CapstoneAppTests" */ = {
			isa = XCConfigurationList;
			buildConfigurations = (
				1A4854292CDAD46E00B202C9 /* Debug */,
				1A48542A2CDAD46E00B202C9 /* Release */,
			);
			defaultConfigurationIsVisible = 0;
			defaultConfigurationName = Release;
		};
		1A48542B2CDAD46E00B202C9 /* Build configuration list for PBXNativeTarget "CapstoneAppUITests" */ = {
			isa = XCConfigurationList;
			buildConfigurations = (
				1A48542C2CDAD46E00B202C9 /* Debug */,
				1A48542D2CDAD46E00B202C9 /* Release */,
			);
			defaultConfigurationIsVisible = 0;
			defaultConfigurationName = Release;
		};
/* End XCConfigurationList section */
	};
	rootObject = 1A4853F92CDAD46C00B202C9 /* Project object */;
}
